
Microsoft Visual Studio Solution File, Format Version 12.00
Project("{FAE04EC0-301F-11D3-BF4B-00C04F79EFBC}") = "Toki", "Toki\Toki.csproj", "{840AB8B2-D4A3-496E-8A1D-95892411DCF6}"
EndProject
Project("{FAE04EC0-301F-11D3-BF4B-00C04F79EFBC}") = "Toki.ActivityPub", "Toki.ActivityPub\Toki.ActivityPub.csproj", "{0F8406E9-1F3D-4DF7-BCD3-94063AEBA090}"
EndProject
Project("{FAE04EC0-301F-11D3-BF4B-00C04F79EFBC}") = "Toki.ActivityStreams", "Toki.ActivityStreams\Toki.ActivityStreams.csproj", "{BA4DC6DF-A227-4A5E-A25F-7EE7437C3224}"
EndProject
Project("{FAE04EC0-301F-11D3-BF4B-00C04F79EFBC}") = "Toki.HTTPSignatures", "Toki.HTTPSignatures\Toki.HTTPSignatures.csproj", "{2D527DD1-6221-4671-930D-97B1482E1747}"
EndProject
Project("{FAE04EC0-301F-11D3-BF4B-00C04F79EFBC}") = "Toki.HTTPSignatures.Tests", "Toki.HTTPSignatures.Tests\Toki.HTTPSignatures.Tests.csproj", "{A5FF9909-4846-41B6-B7D8-406539A3DFD2}"
EndProject
Project("{FAE04EC0-301F-11D3-BF4B-00C04F79EFBC}") = "Toki.Admin", "Toki.Admin\Toki.Admin.csproj", "{5A0FF151-434E-4684-9ED6-F998B81BC45D}"
EndProject
Global
	GlobalSection(SolutionConfigurationPlatforms) = preSolution
		Debug|Any CPU = Debug|Any CPU
		Release|Any CPU = Release|Any CPU
	EndGlobalSection
	GlobalSection(ProjectConfigurationPlatforms) = postSolution
		{840AB8B2-D4A3-496E-8A1D-95892411DCF6}.Debug|Any CPU.ActiveCfg = Debug|Any CPU
		{840AB8B2-D4A3-496E-8A1D-95892411DCF6}.Debug|Any CPU.Build.0 = Debug|Any CPU
		{840AB8B2-D4A3-496E-8A1D-95892411DCF6}.Release|Any CPU.ActiveCfg = Release|Any CPU
		{840AB8B2-D4A3-496E-8A1D-95892411DCF6}.Release|Any CPU.Build.0 = Release|Any CPU
		{0F8406E9-1F3D-4DF7-BCD3-94063AEBA090}.Debug|Any CPU.ActiveCfg = Debug|Any CPU
		{0F8406E9-1F3D-4DF7-BCD3-94063AEBA090}.Debug|Any CPU.Build.0 = Debug|Any CPU
		{0F8406E9-1F3D-4DF7-BCD3-94063AEBA090}.Release|Any CPU.ActiveCfg = Release|Any CPU
		{0F8406E9-1F3D-4DF7-BCD3-94063AEBA090}.Release|Any CPU.Build.0 = Release|Any CPU
		{BA4DC6DF-A227-4A5E-A25F-7EE7437C3224}.Debug|Any CPU.ActiveCfg = Debug|Any CPU
		{BA4DC6DF-A227-4A5E-A25F-7EE7437C3224}.Debug|Any CPU.Build.0 = Debug|Any CPU
		{BA4DC6DF-A227-4A5E-A25F-7EE7437C3224}.Release|Any CPU.ActiveCfg = Release|Any CPU
		{BA4DC6DF-A227-4A5E-A25F-7EE7437C3224}.Release|Any CPU.Build.0 = Release|Any CPU
		{2D527DD1-6221-4671-930D-97B1482E1747}.Debug|Any CPU.ActiveCfg = Debug|Any CPU
		{2D527DD1-6221-4671-930D-97B1482E1747}.Debug|Any CPU.Build.0 = Debug|Any CPU
		{2D527DD1-6221-4671-930D-97B1482E1747}.Release|Any CPU.ActiveCfg = Release|Any CPU
		{2D527DD1-6221-4671-930D-97B1482E1747}.Release|Any CPU.Build.0 = Release|Any CPU
		{A5FF9909-4846-41B6-B7D8-406539A3DFD2}.Debug|Any CPU.ActiveCfg = Debug|Any CPU
		{A5FF9909-4846-41B6-B7D8-406539A3DFD2}.Debug|Any CPU.Build.0 = Debug|Any CPU
		{A5FF9909-4846-41B6-B7D8-406539A3DFD2}.Release|Any CPU.ActiveCfg = Release|Any CPU
		{A5FF9909-4846-41B6-B7D8-406539A3DFD2}.Release|Any CPU.Build.0 = Release|Any CPU
		{E2D1BF1D-C6E0-44F1-8D79-533E3FFCC14A}.Debug|Any CPU.ActiveCfg = Debug|Any CPU
		{E2D1BF1D-C6E0-44F1-8D79-533E3FFCC14A}.Debug|Any CPU.Build.0 = Debug|Any CPU
		{E2D1BF1D-C6E0-44F1-8D79-533E3FFCC14A}.Release|Any CPU.ActiveCfg = Release|Any CPU
		{E2D1BF1D-C6E0-44F1-8D79-533E3FFCC14A}.Release|Any CPU.Build.0 = Release|Any CPU
		{5A0FF151-434E-4684-9ED6-F998B81BC45D}.Debug|Any CPU.ActiveCfg = Debug|Any CPU
		{5A0FF151-434E-4684-9ED6-F998B81BC45D}.Debug|Any CPU.Build.0 = Debug|Any CPU
		{5A0FF151-434E-4684-9ED6-F998B81BC45D}.Release|Any CPU.ActiveCfg = Release|Any CPU
		{5A0FF151-434E-4684-9ED6-F998B81BC45D}.Release|Any CPU.Build.0 = Release|Any CPU
	EndGlobalSection
EndGlobal
